
Microsoft Visual Studio Solution File, Format Version 12.00
# Visual Studio Version 16
VisualStudioVersion = 16.0.31624.102
MinimumVisualStudioVersion = 10.0.40219.1
Project("{FAE04EC0-301F-11D3-BF4B-00C04F79EFBC}") = "AgoratechAssessment", "AgoratechAssessment\AgoratechAssessment.csproj", "{9856EB8D-6BF4-42FF-AF01-66110E28FA6F}"
EndProject
Global
	GlobalSection(SolutionConfigurationPlatforms) = preSolution
		Debug|Any CPU = Debug|Any CPU
		Release|Any CPU = Release|Any CPU
	EndGlobalSection
	GlobalSection(ProjectConfigurationPlatforms) = postSolution
		{9856EB8D-6BF4-42FF-AF01-66110E28FA6F}.Debug|Any CPU.ActiveCfg = Debug|Any CPU
		{9856EB8D-6BF4-42FF-AF01-66110E28FA6F}.Debug|Any CPU.Build.0 = Debug|Any CPU
		{9856EB8D-6BF4-42FF-AF01-66110E28FA6F}.Release|Any CPU.ActiveCfg = Release|Any CPU
		{9856EB8D-6BF4-42FF-AF01-66110E28FA6F}.Release|Any CPU.Build.0 = Release|Any CPU
	EndGlobalSection
	GlobalSection(SolutionProperties) = preSolution
		HideSolutionNode = FALSE
	EndGlobalSection
	GlobalSection(ExtensibilityGlobals) = postSolution
		SolutionGuid = {59DE5BDB-FCDD-4CC1-906D-3E53E099961A}
	EndGlobalSection
EndGlobal
